{
  "name": "quiz",
  "version": "1.0.0",
  "lockfileVersion": 1,
  "requires": true,
  "dependencies": {
    "@material/animation": {
      "version": "0.41.0",
      "resolved": "https://registry.npmjs.org/@material/animation/-/animation-0.41.0.tgz",
      "integrity": "sha512-yYAwJbX3Q2AFd4dr6IYOsWLQy2HN8zWOFVl9AbUXunjzTfJCa/ecfXCriaT6qkmoNoHeTdJHRrsQJZC5GsPvzA=="
    },
    "@material/base": {
      "version": "0.41.0",
      "resolved": "https://registry.npmjs.org/@material/base/-/base-0.41.0.tgz",
      "integrity": "sha512-tEyzwBRu3d1H120SfKsDVYZHcqT5lKohh/7cWKR93aAaPDkSvjpKJIjyu2yuSkjpDduVZGzVocYbOvhUKhhzXQ=="
    },
    "@material/button": {
      "version": "0.44.1",
      "resolved": "https://registry.npmjs.org/@material/button/-/button-0.44.1.tgz",
      "integrity": "sha512-+eI0nI2zkxZOanPfeWzZPoQDbv2NqgUhUhPxERKoXEqkyJIne7gWRYMHqHjKPctsD2xmzgqGmGCLcrvhgFZ+FQ==",
      "requires": {
        "@material/elevation": "^0.44.1",
        "@material/feature-targeting": "^0.44.1",
        "@material/ripple": "^0.44.1",
        "@material/rtl": "^0.42.0",
        "@material/shape": "^0.44.1",
        "@material/theme": "^0.43.0",
        "@material/typography": "^0.44.1"
      }
    },
    "@material/dialog": {
      "version": "0.44.1",
      "resolved": "https://registry.npmjs.org/@material/dialog/-/dialog-0.44.1.tgz",
      "integrity": "sha512-JNYUFPyyYJqbufqwSY8+Sl9hiBTRrmUFUC1vUrUa5XqiDlHsalYHFxKDeNZUyEIm0M1+7eL3FKyJwyAz1bPc9A==",
      "requires": {
        "@material/animation": "^0.41.0",
        "@material/base": "^0.41.0",
        "@material/dom": "^0.41.0",
        "@material/elevation": "^0.44.1",
        "@material/ripple": "^0.44.1",
        "@material/rtl": "^0.42.0",
        "@material/shape": "^0.44.1",
        "@material/theme": "^0.43.0",
        "@material/typography": "^0.44.1",
        "focus-trap": "^4.0.2"
      }
    },
    "@material/dom": {
      "version": "0.41.0",
      "resolved": "https://registry.npmjs.org/@material/dom/-/dom-0.41.0.tgz",
      "integrity": "sha512-wOJrMwjPddYXpQFZAIaCLWI3TO/6KU1lxESTBzunni8A4FHQVWhokml5Xt85GqZwmPFeIF2s+D0wfbWyrGBuKQ=="
    },
    "@material/elevation": {
      "version": "0.44.1",
      "resolved": "https://registry.npmjs.org/@material/elevation/-/elevation-0.44.1.tgz",
      "integrity": "sha512-Gr2x/FHysM4ty7sctLPT48pw7YItLZvhXsB4ZzXpdhuy7QshxllBW9NGlAMffzrmNu16MTl3ouGzbhArUYz4jw==",
      "requires": {
        "@material/animation": "^0.41.0",
        "@material/feature-targeting": "^0.44.1",
        "@material/theme": "^0.43.0"
      }
    },
    "@material/feature-targeting": {
      "version": "0.44.1",
      "resolved": "https://registry.npmjs.org/@material/feature-targeting/-/feature-targeting-0.44.1.tgz",
      "integrity": "sha512-90cc7njn4aHbH9UxY8qgZth1W5JgOgcEdWdubH1t7sFkwqFxS5g3zgxSBt46TygFBVIXNZNq35Xmg80wgqO7Pg=="
    },
    "@material/ripple": {
      "version": "0.44.1",
      "resolved": "https://registry.npmjs.org/@material/ripple/-/ripple-0.44.1.tgz",
      "integrity": "sha512-prJ1p3bR+GvwAtJgtdeIixsnRVApN3bizGnX7upKoqxsqbBDHj84JxaO8EsG9bjruG/LJu8Fb6WKKdIp2oXHTA==",
      "requires": {
        "@material/animation": "^0.41.0",
        "@material/base": "^0.41.0",
        "@material/feature-targeting": "^0.44.1",
        "@material/theme": "^0.43.0"
      }
    },
    "@material/rtl": {
      "version": "0.42.0",
      "resolved": "https://registry.npmjs.org/@material/rtl/-/rtl-0.42.0.tgz",
      "integrity": "sha512-VrnrKJzhmspsN8WXHuxxBZ69yM5IwhCUqWr1t1eNfw3ZEvEj7i1g3P31HGowKThIN1dc1Wh4LE14rCISWCtv5w=="
    },
    "@material/shape": {
      "version": "0.44.1",
      "resolved": "https://registry.npmjs.org/@material/shape/-/shape-0.44.1.tgz",
      "integrity": "sha512-8mCDQmyTEhDK+HX8Tap2Lc82QlVySlXU8zDCNkWoIn1ge+UnRezSDjE4y4P1ABegN5PrkJZPartuQ1U0ttIYXw==",
      "requires": {
        "@material/feature-targeting": "^0.44.1"
      }
    },
    "@material/theme": {
      "version": "0.43.0",
      "resolved": "https://registry.npmjs.org/@material/theme/-/theme-0.43.0.tgz",
      "integrity": "sha512-/zndZL6EihI18v2mYd4O8xvOBAAXmLeHyHVK28LozSAaJ9okQgD25wq5Ktk95oMTmPIC+rH66KcK6371ivNk8g=="
    },
    "@material/typography": {
      "version": "0.44.1",
      "resolved": "https://registry.npmjs.org/@material/typography/-/typography-0.44.1.tgz",
      "integrity": "sha512-wMXHusg+Lp5Fdgoj3m0c+Lt6GCeGSh3EPRtQ1TQ2bwdBa0et2FqBaQRgXoq3tVmr0O/7unTfa0DoXlh4nVp1wA==",
      "requires": {
        "@material/feature-targeting": "^0.44.1"
      }
    },
    "@types/estree": {
      "version": "0.0.39",
      "resolved": "https://registry.npmjs.org/@types/estree/-/estree-0.0.39.tgz",
      "integrity": "sha512-EYNwp3bU+98cpU4lAWYYL7Zz+2gryWH1qbdDTidVd6hkiR6weksdbMadyXKXNPEkQFhXM+hVO9ZygomHXp+AIw=="
    },
    "@types/node": {
      "version": "11.9.4",
      "resolved": "https://registry.npmjs.org/@types/node/-/node-11.9.4.tgz",
      "integrity": "sha512-Zl8dGvAcEmadgs1tmSPcvwzO1YRsz38bVJQvH1RvRqSR9/5n61Q1ktcDL0ht3FXWR+ZpVmXVwN1LuH4Ax23NsA=="
    },
    "acorn": {
      "version": "6.1.0",
      "resolved": "https://registry.npmjs.org/acorn/-/acorn-6.1.0.tgz",
      "integrity": "sha512-MW/FjM+IvU9CgBzjO3UIPCE2pyEwUsoFl+VGdczOPEdxfGFjuKny/gN54mOuX7Qxmb9Rg9MCn2oKiSUeW+pjrw=="
    },
    "focus-trap": {
      "version": "4.0.2",
      "resolved": "https://registry.npmjs.org/focus-trap/-/focus-trap-4.0.2.tgz",
      "integrity": "sha512-HtLjfAK7Hp2qbBtLS6wEznID1mPT+48ZnP2nkHzgjpL4kroYHg0CdqJ5cTXk+UO5znAxF5fRUkhdyfgrhh8Lzw==",
      "requires": {
        "tabbable": "^3.1.2",
        "xtend": "^4.0.1"
      }
    },
    "rollup": {
      "version": "1.2.2",
      "resolved": "https://registry.npmjs.org/rollup/-/rollup-1.2.2.tgz",
      "integrity": "sha512-fsn5KJcfSuejjrv8GV7kZNciElqxyzZdUq8rA3e528JsR3ccxrWwoptyUY8GGLlgMFAQMB3dZW8nWF2I1/xrZA==",
      "requires": {
        "@types/estree": "0.0.39",
        "@types/node": "*",
        "acorn": "^6.1.0"
      }
    },
    "tabbable": {
      "version": "3.1.2",
      "resolved": "https://registry.npmjs.org/tabbable/-/tabbable-3.1.2.tgz",
      "integrity": "sha512-wjB6puVXTYO0BSFtCmWQubA/KIn7Xvajw0x0l6eJUudMG/EAiJvIUnyNX6xO4NpGrJ16lbD0eUseB9WxW0vlpQ=="
    },
    "xtend": {
      "version": "4.0.1",
      "resolved": "https://registry.npmjs.org/xtend/-/xtend-4.0.1.tgz",
      "integrity": "sha1-pcbVMr5lbiPbgg77lDofBJmNY68="
    }
  }
}
